// !$*UTF8*$!
{
	archiveVersion = 1;
	classes = {
	};
	objectVersion = 56;
	objects = {

/* Begin PBXBuildFile section */
		063DF3912B0EAB6700C77C15 /* ChatLogView.swift in Sources */ = {isa = PBXBuildFile; fileRef = 063DF3902B0EAB6700C77C15 /* ChatLogView.swift */; };
		066633E82B0E842300259AF7 /* MainMessagesView.swift in Sources */ = {isa = PBXBuildFile; fileRef = 066633E72B0E842300259AF7 /* MainMessagesView.swift */; };
		066633EA2B0E890700259AF7 /* FirebaseManager.swift in Sources */ = {isa = PBXBuildFile; fileRef = 066633E92B0E890700259AF7 /* FirebaseManager.swift */; };
		066633ED2B0E8B2200259AF7 /* SDWebImageSwiftUI in Frameworks */ = {isa = PBXBuildFile; productRef = 066633EC2B0E8B2200259AF7 /* SDWebImageSwiftUI */; };
		066633F12B0E978C00259AF7 /* ChatUser.swift in Sources */ = {isa = PBXBuildFile; fileRef = 066633F02B0E978C00259AF7 /* ChatUser.swift */; };
		06B441802B1550DB00A1A7CE /* ContentView.swift in Sources */ = {isa = PBXBuildFile; fileRef = 06B4417F2B1550DB00A1A7CE /* ContentView.swift */; };
		06BB35812B1517C30013D752 /* RecentMessage.swift in Sources */ = {isa = PBXBuildFile; fileRef = 06BB35802B1517C30013D752 /* RecentMessage.swift */; };
		06BB35832B15180C0013D752 /* ChatMessage.swift in Sources */ = {isa = PBXBuildFile; fileRef = 06BB35822B15180C0013D752 /* ChatMessage.swift */; };
		06BB35852B1529800013D752 /* CreateNewMessageView.swift in Sources */ = {isa = PBXBuildFile; fileRef = 06BB35842B1529800013D752 /* CreateNewMessageView.swift */; };
		06BB358A2B153C4D0013D752 /* FirebaseAnalytics in Frameworks */ = {isa = PBXBuildFile; productRef = 06BB35892B153C4D0013D752 /* FirebaseAnalytics */; };
		06BB358C2B153C4D0013D752 /* FirebaseAnalyticsOnDeviceConversion in Frameworks */ = {isa = PBXBuildFile; productRef = 06BB358B2B153C4D0013D752 /* FirebaseAnalyticsOnDeviceConversion */; };
		06BB358E2B153C4D0013D752 /* FirebaseAnalyticsSwift in Frameworks */ = {isa = PBXBuildFile; productRef = 06BB358D2B153C4D0013D752 /* FirebaseAnalyticsSwift */; };
		06BB35902B153C4D0013D752 /* FirebaseAnalyticsWithoutAdIdSupport in Frameworks */ = {isa = PBXBuildFile; productRef = 06BB358F2B153C4D0013D752 /* FirebaseAnalyticsWithoutAdIdSupport */; };
		06BB35922B153C4D0013D752 /* FirebaseAppCheck in Frameworks */ = {isa = PBXBuildFile; productRef = 06BB35912B153C4D0013D752 /* FirebaseAppCheck */; };
		06BB35942B153C4D0013D752 /* FirebaseAppDistribution-Beta in Frameworks */ = {isa = PBXBuildFile; productRef = 06BB35932B153C4D0013D752 /* FirebaseAppDistribution-Beta */; };
		06BB35962B153C4D0013D752 /* FirebaseAuth in Frameworks */ = {isa = PBXBuildFile; productRef = 06BB35952B153C4D0013D752 /* FirebaseAuth */; };
		06BB35982B153C4D0013D752 /* FirebaseAuthCombine-Community in Frameworks */ = {isa = PBXBuildFile; productRef = 06BB35972B153C4D0013D752 /* FirebaseAuthCombine-Community */; };
		06BB359A2B153C4D0013D752 /* FirebaseCrashlytics in Frameworks */ = {isa = PBXBuildFile; productRef = 06BB35992B153C4D0013D752 /* FirebaseCrashlytics */; };
		06BB359C2B153C4D0013D752 /* FirebaseDatabase in Frameworks */ = {isa = PBXBuildFile; productRef = 06BB359B2B153C4D0013D752 /* FirebaseDatabase */; };
		06BB359E2B153C4D0013D752 /* FirebaseDatabaseSwift in Frameworks */ = {isa = PBXBuildFile; productRef = 06BB359D2B153C4D0013D752 /* FirebaseDatabaseSwift */; };
		06BB35A02B153C4D0013D752 /* FirebaseDynamicLinks in Frameworks */ = {isa = PBXBuildFile; productRef = 06BB359F2B153C4D0013D752 /* FirebaseDynamicLinks */; };
		06BB35A22B153C4D0013D752 /* FirebaseFirestore in Frameworks */ = {isa = PBXBuildFile; productRef = 06BB35A12B153C4D0013D752 /* FirebaseFirestore */; };
		06BB35A42B153C4D0013D752 /* FirebaseFirestoreCombine-Community in Frameworks */ = {isa = PBXBuildFile; productRef = 06BB35A32B153C4D0013D752 /* FirebaseFirestoreCombine-Community */; };
		06BB35A62B153C4D0013D752 /* FirebaseFirestoreSwift in Frameworks */ = {isa = PBXBuildFile; productRef = 06BB35A52B153C4D0013D752 /* FirebaseFirestoreSwift */; };
		06BB35A82B153C4D0013D752 /* FirebaseFunctions in Frameworks */ = {isa = PBXBuildFile; productRef = 06BB35A72B153C4D0013D752 /* FirebaseFunctions */; };
		06BB35AA2B153C4D0013D752 /* FirebaseFunctionsCombine-Community in Frameworks */ = {isa = PBXBuildFile; productRef = 06BB35A92B153C4D0013D752 /* FirebaseFunctionsCombine-Community */; };
		06BB35AC2B153C4D0013D752 /* FirebaseInAppMessaging-Beta in Frameworks */ = {isa = PBXBuildFile; productRef = 06BB35AB2B153C4D0013D752 /* FirebaseInAppMessaging-Beta */; };
		06BB35AE2B153C4D0013D752 /* FirebaseInAppMessagingSwift-Beta in Frameworks */ = {isa = PBXBuildFile; productRef = 06BB35AD2B153C4D0013D752 /* FirebaseInAppMessagingSwift-Beta */; };
		06BB35B02B153C4D0013D752 /* FirebaseInstallations in Frameworks */ = {isa = PBXBuildFile; productRef = 06BB35AF2B153C4D0013D752 /* FirebaseInstallations */; };
		06BB35B22B153C4D0013D752 /* FirebaseMLModelDownloader in Frameworks */ = {isa = PBXBuildFile; productRef = 06BB35B12B153C4D0013D752 /* FirebaseMLModelDownloader */; };
		06BB35B42B153C4D0013D752 /* FirebaseMessaging in Frameworks */ = {isa = PBXBuildFile; productRef = 06BB35B32B153C4D0013D752 /* FirebaseMessaging */; };
		06BB35B62B153C4D0013D752 /* FirebasePerformance in Frameworks */ = {isa = PBXBuildFile; productRef = 06BB35B52B153C4D0013D752 /* FirebasePerformance */; };
		06BB35B82B153C4D0013D752 /* FirebaseRemoteConfig in Frameworks */ = {isa = PBXBuildFile; productRef = 06BB35B72B153C4D0013D752 /* FirebaseRemoteConfig */; };
		06BB35BA2B153C4D0013D752 /* FirebaseRemoteConfigSwift in Frameworks */ = {isa = PBXBuildFile; productRef = 06BB35B92B153C4D0013D752 /* FirebaseRemoteConfigSwift */; };
		06BB35BC2B153C4D0013D752 /* FirebaseStorage in Frameworks */ = {isa = PBXBuildFile; productRef = 06BB35BB2B153C4D0013D752 /* FirebaseStorage */; };
		06BB35BE2B153C4D0013D752 /* FirebaseStorageCombine-Community in Frameworks */ = {isa = PBXBuildFile; productRef = 06BB35BD2B153C4D0013D752 /* FirebaseStorageCombine-Community */; };
		06C73AAB2B0BFA3200039B5C /* MiPrimerTutorChatApp.swift in Sources */ = {isa = PBXBuildFile; fileRef = 06C73AAA2B0BFA3200039B5C /* MiPrimerTutorChatApp.swift */; };
		06C73AAF2B0BFA3500039B5C /* Assets.xcassets in Resources */ = {isa = PBXBuildFile; fileRef = 06C73AAE2B0BFA3500039B5C /* Assets.xcassets */; };
		06C73AB22B0BFA3500039B5C /* Preview Assets.xcassets in Resources */ = {isa = PBXBuildFile; fileRef = 06C73AB12B0BFA3500039B5C /* Preview Assets.xcassets */; };
		06C73AB92B0BFBD200039B5C /* LoginView.swift in Sources */ = {isa = PBXBuildFile; fileRef = 06C73AB82B0BFBD200039B5C /* LoginView.swift */; };
		06C73AF42B0C0C3700039B5C /* ImagePicker.swift in Sources */ = {isa = PBXBuildFile; fileRef = 06C73AF32B0C0C3600039B5C /* ImagePicker.swift */; };
		06EF1DDA2B13A42E0004FB34 /* MenuProfesorView.swift in Sources */ = {isa = PBXBuildFile; fileRef = 06EF1DD92B13A42E0004FB34 /* MenuProfesorView.swift */; };
		06EF1DDF2B13A4730004FB34 /* MenuPadresView.swift in Sources */ = {isa = PBXBuildFile; fileRef = 06EF1DDE2B13A4730004FB34 /* MenuPadresView.swift */; };
		06EF1DE12B13A48B0004FB34 /* MenuAlumnoView.swift in Sources */ = {isa = PBXBuildFile; fileRef = 06EF1DE02B13A48B0004FB34 /* MenuAlumnoView.swift */; };
		06EF1DE52B13A5080004FB34 /* ListaAlumnosView.swift in Sources */ = {isa = PBXBuildFile; fileRef = 06EF1DE42B13A5080004FB34 /* ListaAlumnosView.swift */; };
		06EF1DE72B13A5170004FB34 /* PuntajeAlumnoView.swift in Sources */ = {isa = PBXBuildFile; fileRef = 06EF1DE62B13A5170004FB34 /* PuntajeAlumnoView.swift */; };
		06EF1DE92B13A5280004FB34 /* ProgresoAlumnoView.swift in Sources */ = {isa = PBXBuildFile; fileRef = 06EF1DE82B13A5280004FB34 /* ProgresoAlumnoView.swift */; };
		06EF1DED2B13A5630004FB34 /* AltaAlumunoView.swift in Sources */ = {isa = PBXBuildFile; fileRef = 06EF1DEC2B13A5630004FB34 /* AltaAlumunoView.swift */; };
		06EF1DEF2B13A5A60004FB34 /* PuntajeAlumnosView.swift in Sources */ = {isa = PBXBuildFile; fileRef = 06EF1DEE2B13A5A60004FB34 /* PuntajeAlumnosView.swift */; };
		06EF1DF12B13A5C80004FB34 /* ProgresoAlumnosView.swift in Sources */ = {isa = PBXBuildFile; fileRef = 06EF1DF02B13A5C80004FB34 /* ProgresoAlumnosView.swift */; };
		06EF1DF32B13A5F00004FB34 /* EspanolView.swift in Sources */ = {isa = PBXBuildFile; fileRef = 06EF1DF22B13A5F00004FB34 /* EspanolView.swift */; };
		06EF1DF52B13A6010004FB34 /* InglesView.swift in Sources */ = {isa = PBXBuildFile; fileRef = 06EF1DF42B13A6010004FB34 /* InglesView.swift */; };
		06EF1DF72B13A61F0004FB34 /* MatematicasView.swift in Sources */ = {isa = PBXBuildFile; fileRef = 06EF1DF62B13A61F0004FB34 /* MatematicasView.swift */; };
		06EF1DF92B13A6300004FB34 /* GeneralView.swift in Sources */ = {isa = PBXBuildFile; fileRef = 06EF1DF82B13A6300004FB34 /* GeneralView.swift */; };
		06EF1DFB2B13A6410004FB34 /* TutorView.swift in Sources */ = {isa = PBXBuildFile; fileRef = 06EF1DFA2B13A6410004FB34 /* TutorView.swift */; };
		06EF1DFD2B13A6640004FB34 /* LoginAlumnoView.swift in Sources */ = {isa = PBXBuildFile; fileRef = 06EF1DFC2B13A6640004FB34 /* LoginAlumnoView.swift */; };
		06EF1E042B13FCB90004FB34 /* FirebaseConstants.swift in Sources */ = {isa = PBXBuildFile; fileRef = 06EF1E032B13FCB90004FB34 /* FirebaseConstants.swift */; };
		86D642392B1659CF0046B107 /* SwiftOpenAI in Frameworks */ = {isa = PBXBuildFile; productRef = 86D642382B1659CF0046B107 /* SwiftOpenAI */; };
		86D6423B2B165B090046B107 /* ViewModel.swift in Sources */ = {isa = PBXBuildFile; fileRef = 86D6423A2B165B090046B107 /* ViewModel.swift */; };
		86D6423F2B165B920046B107 /* ConversationView.swift in Sources */ = {isa = PBXBuildFile; fileRef = 86D6423E2B165B920046B107 /* ConversationView.swift */; };
		86D642412B165B940046B107 /* TextMessageView.swift in Sources */ = {isa = PBXBuildFile; fileRef = 86D642402B165B940046B107 /* TextMessageView.swift */; };
/* End PBXBuildFile section */

/* Begin PBXFileReference section */
		063DF3902B0EAB6700C77C15 /* ChatLogView.swift */ = {isa = PBXFileReference; lastKnownFileType = sourcecode.swift; path = ChatLogView.swift; sourceTree = "<group>"; };
		066633E72B0E842300259AF7 /* MainMessagesView.swift */ = {isa = PBXFileReference; lastKnownFileType = sourcecode.swift; path = MainMessagesView.swift; sourceTree = "<group>"; };
		066633E92B0E890700259AF7 /* FirebaseManager.swift */ = {isa = PBXFileReference; lastKnownFileType = sourcecode.swift; path = FirebaseManager.swift; sourceTree = "<group>"; };
		066633F02B0E978C00259AF7 /* ChatUser.swift */ = {isa = PBXFileReference; lastKnownFileType = sourcecode.swift; path = ChatUser.swift; sourceTree = "<group>"; };
		06B4417F2B1550DB00A1A7CE /* ContentView.swift */ = {isa = PBXFileReference; lastKnownFileType = sourcecode.swift; path = ContentView.swift; sourceTree = "<group>"; };
		06BB35802B1517C30013D752 /* RecentMessage.swift */ = {isa = PBXFileReference; lastKnownFileType = sourcecode.swift; path = RecentMessage.swift; sourceTree = "<group>"; };
		06BB35822B15180C0013D752 /* ChatMessage.swift */ = {isa = PBXFileReference; lastKnownFileType = sourcecode.swift; path = ChatMessage.swift; sourceTree = "<group>"; };
		06BB35842B1529800013D752 /* CreateNewMessageView.swift */ = {isa = PBXFileReference; lastKnownFileType = sourcecode.swift; path = CreateNewMessageView.swift; sourceTree = "<group>"; };
		06C73AA72B0BFA3200039B5C /* MiPrimerTutorChat.app */ = {isa = PBXFileReference; explicitFileType = wrapper.application; includeInIndex = 0; path = MiPrimerTutorChat.app; sourceTree = BUILT_PRODUCTS_DIR; };
		06C73AAA2B0BFA3200039B5C /* MiPrimerTutorChatApp.swift */ = {isa = PBXFileReference; lastKnownFileType = sourcecode.swift; path = MiPrimerTutorChatApp.swift; sourceTree = "<group>"; };
		06C73AAE2B0BFA3500039B5C /* Assets.xcassets */ = {isa = PBXFileReference; lastKnownFileType = folder.assetcatalog; path = Assets.xcassets; sourceTree = "<group>"; };
		06C73AB12B0BFA3500039B5C /* Preview Assets.xcassets */ = {isa = PBXFileReference; lastKnownFileType = folder.assetcatalog; path = "Preview Assets.xcassets"; sourceTree = "<group>"; };
		06C73AB82B0BFBD200039B5C /* LoginView.swift */ = {isa = PBXFileReference; lastKnownFileType = sourcecode.swift; path = LoginView.swift; sourceTree = "<group>"; };
		06C73AF32B0C0C3600039B5C /* ImagePicker.swift */ = {isa = PBXFileReference; lastKnownFileType = sourcecode.swift; path = ImagePicker.swift; sourceTree = "<group>"; };
		06EF1DD92B13A42E0004FB34 /* MenuProfesorView.swift */ = {isa = PBXFileReference; lastKnownFileType = sourcecode.swift; path = MenuProfesorView.swift; sourceTree = "<group>"; };
		06EF1DDE2B13A4730004FB34 /* MenuPadresView.swift */ = {isa = PBXFileReference; lastKnownFileType = sourcecode.swift; path = MenuPadresView.swift; sourceTree = "<group>"; };
		06EF1DE02B13A48B0004FB34 /* MenuAlumnoView.swift */ = {isa = PBXFileReference; lastKnownFileType = sourcecode.swift; path = MenuAlumnoView.swift; sourceTree = "<group>"; };
		06EF1DE42B13A5080004FB34 /* ListaAlumnosView.swift */ = {isa = PBXFileReference; lastKnownFileType = sourcecode.swift; path = ListaAlumnosView.swift; sourceTree = "<group>"; };
		06EF1DE62B13A5170004FB34 /* PuntajeAlumnoView.swift */ = {isa = PBXFileReference; lastKnownFileType = sourcecode.swift; path = PuntajeAlumnoView.swift; sourceTree = "<group>"; };
		06EF1DE82B13A5280004FB34 /* ProgresoAlumnoView.swift */ = {isa = PBXFileReference; lastKnownFileType = sourcecode.swift; path = ProgresoAlumnoView.swift; sourceTree = "<group>"; };
		06EF1DEC2B13A5630004FB34 /* AltaAlumunoView.swift */ = {isa = PBXFileReference; lastKnownFileType = sourcecode.swift; path = AltaAlumunoView.swift; sourceTree = "<group>"; };
		06EF1DEE2B13A5A60004FB34 /* PuntajeAlumnosView.swift */ = {isa = PBXFileReference; lastKnownFileType = sourcecode.swift; path = PuntajeAlumnosView.swift; sourceTree = "<group>"; };
		06EF1DF02B13A5C80004FB34 /* ProgresoAlumnosView.swift */ = {isa = PBXFileReference; lastKnownFileType = sourcecode.swift; path = ProgresoAlumnosView.swift; sourceTree = "<group>"; };
		06EF1DF22B13A5F00004FB34 /* EspanolView.swift */ = {isa = PBXFileReference; lastKnownFileType = sourcecode.swift; path = EspanolView.swift; sourceTree = "<group>"; };
		06EF1DF42B13A6010004FB34 /* InglesView.swift */ = {isa = PBXFileReference; lastKnownFileType = sourcecode.swift; path = InglesView.swift; sourceTree = "<group>"; };
		06EF1DF62B13A61F0004FB34 /* MatematicasView.swift */ = {isa = PBXFileReference; lastKnownFileType = sourcecode.swift; path = MatematicasView.swift; sourceTree = "<group>"; };
		06EF1DF82B13A6300004FB34 /* GeneralView.swift */ = {isa = PBXFileReference; lastKnownFileType = sourcecode.swift; path = GeneralView.swift; sourceTree = "<group>"; };
		06EF1DFA2B13A6410004FB34 /* TutorView.swift */ = {isa = PBXFileReference; lastKnownFileType = sourcecode.swift; path = TutorView.swift; sourceTree = "<group>"; };
		06EF1DFC2B13A6640004FB34 /* LoginAlumnoView.swift */ = {isa = PBXFileReference; lastKnownFileType = sourcecode.swift; path = LoginAlumnoView.swift; sourceTree = "<group>"; };
		06EF1E032B13FCB90004FB34 /* FirebaseConstants.swift */ = {isa = PBXFileReference; lastKnownFileType = sourcecode.swift; path = FirebaseConstants.swift; sourceTree = "<group>"; };
		86D6423A2B165B090046B107 /* ViewModel.swift */ = {isa = PBXFileReference; fileEncoding = 4; lastKnownFileType = sourcecode.swift; path = ViewModel.swift; sourceTree = "<group>"; };
		86D6423E2B165B920046B107 /* ConversationView.swift */ = {isa = PBXFileReference; lastKnownFileType = sourcecode.swift; path = ConversationView.swift; sourceTree = "<group>"; };
		86D642402B165B940046B107 /* TextMessageView.swift */ = {isa = PBXFileReference; lastKnownFileType = sourcecode.swift; path = TextMessageView.swift; sourceTree = "<group>"; };
/* End PBXFileReference section */

/* Begin PBXFrameworksBuildPhase section */
		06C73AA42B0BFA3200039B5C /* Frameworks */ = {
			isa = PBXFrameworksBuildPhase;
			buildActionMask = 2147483647;
			files = (
				06BB35A82B153C4D0013D752 /* FirebaseFunctions in Frameworks */,
				06BB359E2B153C4D0013D752 /* FirebaseDatabaseSwift in Frameworks */,
				06BB35AE2B153C4D0013D752 /* FirebaseInAppMessagingSwift-Beta in Frameworks */,
				06BB35B42B153C4D0013D752 /* FirebaseMessaging in Frameworks */,
				06BB35942B153C4D0013D752 /* FirebaseAppDistribution-Beta in Frameworks */,
				86D642392B1659CF0046B107 /* SwiftOpenAI in Frameworks */,
				06BB35982B153C4D0013D752 /* FirebaseAuthCombine-Community in Frameworks */,
				06BB35A42B153C4D0013D752 /* FirebaseFirestoreCombine-Community in Frameworks */,
				06BB358E2B153C4D0013D752 /* FirebaseAnalyticsSwift in Frameworks */,
				06BB35B22B153C4D0013D752 /* FirebaseMLModelDownloader in Frameworks */,
				06BB35902B153C4D0013D752 /* FirebaseAnalyticsWithoutAdIdSupport in Frameworks */,
				06BB358A2B153C4D0013D752 /* FirebaseAnalytics in Frameworks */,
				06BB35A62B153C4D0013D752 /* FirebaseFirestoreSwift in Frameworks */,
				06BB358C2B153C4D0013D752 /* FirebaseAnalyticsOnDeviceConversion in Frameworks */,
				06BB35922B153C4D0013D752 /* FirebaseAppCheck in Frameworks */,
				06BB35B62B153C4D0013D752 /* FirebasePerformance in Frameworks */,
				06BB35AC2B153C4D0013D752 /* FirebaseInAppMessaging-Beta in Frameworks */,
				06BB35AA2B153C4D0013D752 /* FirebaseFunctionsCombine-Community in Frameworks */,
				06BB359A2B153C4D0013D752 /* FirebaseCrashlytics in Frameworks */,
				06BB35B02B153C4D0013D752 /* FirebaseInstallations in Frameworks */,
				06BB35B82B153C4D0013D752 /* FirebaseRemoteConfig in Frameworks */,
				06BB35BC2B153C4D0013D752 /* FirebaseStorage in Frameworks */,
				06BB359C2B153C4D0013D752 /* FirebaseDatabase in Frameworks */,
				06BB35BE2B153C4D0013D752 /* FirebaseStorageCombine-Community in Frameworks */,
				066633ED2B0E8B2200259AF7 /* SDWebImageSwiftUI in Frameworks */,
				06BB35962B153C4D0013D752 /* FirebaseAuth in Frameworks */,
				06BB35A02B153C4D0013D752 /* FirebaseDynamicLinks in Frameworks */,
				06BB35A22B153C4D0013D752 /* FirebaseFirestore in Frameworks */,
				06BB35BA2B153C4D0013D752 /* FirebaseRemoteConfigSwift in Frameworks */,
			);
			runOnlyForDeploymentPostprocessing = 0;
		};
/* End PBXFrameworksBuildPhase section */

/* Begin PBXGroup section */
		066633EE2B0E975600259AF7 /* Utils */ = {
			isa = PBXGroup;
			children = (
				066633E92B0E890700259AF7 /* FirebaseManager.swift */,
				06EF1E032B13FCB90004FB34 /* FirebaseConstants.swift */,
			);
			path = Utils;
			sourceTree = "<group>";
		};
		066633EF2B0E976C00259AF7 /* Model */ = {
			isa = PBXGroup;
			children = (
				066633F02B0E978C00259AF7 /* ChatUser.swift */,
				06BB35822B15180C0013D752 /* ChatMessage.swift */,
				06BB35802B1517C30013D752 /* RecentMessage.swift */,
			);
			path = Model;
			sourceTree = "<group>";
		};
		066633F22B0E97C900259AF7 /* MainMessages */ = {
			isa = PBXGroup;
			children = (
				06BB35862B15377A0013D752 /* Chat */,
				06BB35872B1537890013D752 /* NewMessage */,
				066633E72B0E842300259AF7 /* MainMessagesView.swift */,
			);
			path = MainMessages;
			sourceTree = "<group>";
		};
		06BB35862B15377A0013D752 /* Chat */ = {
			isa = PBXGroup;
			children = (
				063DF3902B0EAB6700C77C15 /* ChatLogView.swift */,
			);
			path = Chat;
			sourceTree = "<group>";
		};
		06BB35872B1537890013D752 /* NewMessage */ = {
			isa = PBXGroup;
			children = (
				06BB35842B1529800013D752 /* CreateNewMessageView.swift */,
			);
			path = NewMessage;
			sourceTree = "<group>";
		};
		06C73A9E2B0BFA3200039B5C = {
			isa = PBXGroup;
			children = (
				06C73AA92B0BFA3200039B5C /* MiPrimerTutorChat */,
				06C73AA82B0BFA3200039B5C /* Products */,
			);
			sourceTree = "<group>";
		};
		06C73AA82B0BFA3200039B5C /* Products */ = {
			isa = PBXGroup;
			children = (
				06C73AA72B0BFA3200039B5C /* MiPrimerTutorChat.app */,
			);
			name = Products;
			sourceTree = "<group>";
		};
		06C73AA92B0BFA3200039B5C /* MiPrimerTutorChat */ = {
			isa = PBXGroup;
			children = (
				06EF1DD82B13A3320004FB34 /* Vistas */,
				066633F22B0E97C900259AF7 /* MainMessages */,
				066633EF2B0E976C00259AF7 /* Model */,
				066633EE2B0E975600259AF7 /* Utils */,
				06C73AAA2B0BFA3200039B5C /* MiPrimerTutorChatApp.swift */,
				06C73AB82B0BFBD200039B5C /* LoginView.swift */,
				06C73AF32B0C0C3600039B5C /* ImagePicker.swift */,
				06C73AAE2B0BFA3500039B5C /* Assets.xcassets */,
				06C73AB02B0BFA3500039B5C /* Preview Content */,
				06B4417F2B1550DB00A1A7CE /* ContentView.swift */,
			);
			path = MiPrimerTutorChat;
			sourceTree = "<group>";
		};
		06C73AB02B0BFA3500039B5C /* Preview Content */ = {
			isa = PBXGroup;
			children = (
				06C73AB12B0BFA3500039B5C /* Preview Assets.xcassets */,
			);
			path = "Preview Content";
			sourceTree = "<group>";
		};
		06EF1DD82B13A3320004FB34 /* Vistas */ = {
			isa = PBXGroup;
			children = (
				06EF1DFE2B13A6780004FB34 /* Profesor */,
				06EF1DFF2B13A6930004FB34 /* Padres */,
				06EF1E002B13A6B50004FB34 /* Alumno */,
			);
			path = Vistas;
			sourceTree = "<group>";
		};
		06EF1DFE2B13A6780004FB34 /* Profesor */ = {
			isa = PBXGroup;
			children = (
				06EF1DD92B13A42E0004FB34 /* MenuProfesorView.swift */,
				06EF1DE42B13A5080004FB34 /* ListaAlumnosView.swift */,
				06EF1DEE2B13A5A60004FB34 /* PuntajeAlumnosView.swift */,
				06EF1DF02B13A5C80004FB34 /* ProgresoAlumnosView.swift */,
			);
			path = Profesor;
			sourceTree = "<group>";
		};
		06EF1DFF2B13A6930004FB34 /* Padres */ = {
			isa = PBXGroup;
			children = (
				06EF1DDE2B13A4730004FB34 /* MenuPadresView.swift */,
				06EF1DEC2B13A5630004FB34 /* AltaAlumunoView.swift */,
				06EF1DE62B13A5170004FB34 /* PuntajeAlumnoView.swift */,
				06EF1DE82B13A5280004FB34 /* ProgresoAlumnoView.swift */,
			);
			path = Padres;
			sourceTree = "<group>";
		};
		06EF1E002B13A6B50004FB34 /* Alumno */ = {
			isa = PBXGroup;
			children = (
				06EF1DFC2B13A6640004FB34 /* LoginAlumnoView.swift */,
				06EF1DE02B13A48B0004FB34 /* MenuAlumnoView.swift */,
				06EF1DF22B13A5F00004FB34 /* EspanolView.swift */,
				06EF1DF42B13A6010004FB34 /* InglesView.swift */,
				06EF1DF62B13A61F0004FB34 /* MatematicasView.swift */,
				06EF1DF82B13A6300004FB34 /* GeneralView.swift */,
				86D642362B1657B20046B107 /* TutorViews */,
			);
			path = Alumno;
			sourceTree = "<group>";
		};
		86D642362B1657B20046B107 /* TutorViews */ = {
			isa = PBXGroup;
			children = (
				86D6423A2B165B090046B107 /* ViewModel.swift */,
				06EF1DFA2B13A6410004FB34 /* TutorView.swift */,
				86D6423E2B165B920046B107 /* ConversationView.swift */,
				86D642402B165B940046B107 /* TextMessageView.swift */,
			);
			path = TutorViews;
			sourceTree = "<group>";
		};
/* End PBXGroup section */

/* Begin PBXNativeTarget section */
		06C73AA62B0BFA3200039B5C /* MiPrimerTutorChat */ = {
			isa = PBXNativeTarget;
			buildConfigurationList = 06C73AB52B0BFA3500039B5C /* Build configuration list for PBXNativeTarget "MiPrimerTutorChat" */;
			buildPhases = (
				06C73AA32B0BFA3200039B5C /* Sources */,
				06C73AA42B0BFA3200039B5C /* Frameworks */,
				06C73AA52B0BFA3200039B5C /* Resources */,
			);
			buildRules = (
			);
			dependencies = (
			);
			name = MiPrimerTutorChat;
			packageProductDependencies = (
				066633EC2B0E8B2200259AF7 /* SDWebImageSwiftUI */,
				06BB35892B153C4D0013D752 /* FirebaseAnalytics */,
				06BB358B2B153C4D0013D752 /* FirebaseAnalyticsOnDeviceConversion */,
				06BB358D2B153C4D0013D752 /* FirebaseAnalyticsSwift */,
				06BB358F2B153C4D0013D752 /* FirebaseAnalyticsWithoutAdIdSupport */,
				06BB35912B153C4D0013D752 /* FirebaseAppCheck */,
				06BB35932B153C4D0013D752 /* FirebaseAppDistribution-Beta */,
				06BB35952B153C4D0013D752 /* FirebaseAuth */,
				06BB35972B153C4D0013D752 /* FirebaseAuthCombine-Community */,
				06BB35992B153C4D0013D752 /* FirebaseCrashlytics */,
				06BB359B2B153C4D0013D752 /* FirebaseDatabase */,
				06BB359D2B153C4D0013D752 /* FirebaseDatabaseSwift */,
				06BB359F2B153C4D0013D752 /* FirebaseDynamicLinks */,
				06BB35A12B153C4D0013D752 /* FirebaseFirestore */,
				06BB35A32B153C4D0013D752 /* FirebaseFirestoreCombine-Community */,
				06BB35A52B153C4D0013D752 /* FirebaseFirestoreSwift */,
				06BB35A72B153C4D0013D752 /* FirebaseFunctions */,
				06BB35A92B153C4D0013D752 /* FirebaseFunctionsCombine-Community */,
				06BB35AB2B153C4D0013D752 /* FirebaseInAppMessaging-Beta */,
				06BB35AD2B153C4D0013D752 /* FirebaseInAppMessagingSwift-Beta */,
				06BB35AF2B153C4D0013D752 /* FirebaseInstallations */,
				06BB35B12B153C4D0013D752 /* FirebaseMLModelDownloader */,
				06BB35B32B153C4D0013D752 /* FirebaseMessaging */,
				06BB35B52B153C4D0013D752 /* FirebasePerformance */,
				06BB35B72B153C4D0013D752 /* FirebaseRemoteConfig */,
				06BB35B92B153C4D0013D752 /* FirebaseRemoteConfigSwift */,
				06BB35BB2B153C4D0013D752 /* FirebaseStorage */,
				06BB35BD2B153C4D0013D752 /* FirebaseStorageCombine-Community */,
				86D642382B1659CF0046B107 /* SwiftOpenAI */,
			);
			productName = MiPrimerTutorChat;
			productReference = 06C73AA72B0BFA3200039B5C /* MiPrimerTutorChat.app */;
			productType = "com.apple.product-type.application";
		};
/* End PBXNativeTarget section */

/* Begin PBXProject section */
		06C73A9F2B0BFA3200039B5C /* Project object */ = {
			isa = PBXProject;
			attributes = {
				BuildIndependentTargetsInParallel = 1;
				LastSwiftUpdateCheck = 1500;
				LastUpgradeCheck = 1500;
				TargetAttributes = {
					06C73AA62B0BFA3200039B5C = {
						CreatedOnToolsVersion = 15.0.1;
					};
				};
			};
			buildConfigurationList = 06C73AA22B0BFA3200039B5C /* Build configuration list for PBXProject "MiPrimerTutorChat" */;
			compatibilityVersion = "Xcode 14.0";
			developmentRegion = en;
			hasScannedForEncodings = 0;
			knownRegions = (
				en,
				Base,
			);
			mainGroup = 06C73A9E2B0BFA3200039B5C;
			packageReferences = (
				066633EB2B0E8B2100259AF7 /* XCRemoteSwiftPackageReference "SDWebImageSwiftUI" */,
				06BB35882B153C4D0013D752 /* XCRemoteSwiftPackageReference "firebase-ios-sdk" */,
				86D642372B1659CF0046B107 /* XCRemoteSwiftPackageReference "SwiftOpenAI" */,
			);
			productRefGroup = 06C73AA82B0BFA3200039B5C /* Products */;
			projectDirPath = "";
			projectRoot = "";
			targets = (
				06C73AA62B0BFA3200039B5C /* MiPrimerTutorChat */,
			);
		};
/* End PBXProject section */

/* Begin PBXResourcesBuildPhase section */
		06C73AA52B0BFA3200039B5C /* Resources */ = {
			isa = PBXResourcesBuildPhase;
			buildActionMask = 2147483647;
			files = (
				06C73AB22B0BFA3500039B5C /* Preview Assets.xcassets in Resources */,
				06C73AAF2B0BFA3500039B5C /* Assets.xcassets in Resources */,
			);
			runOnlyForDeploymentPostprocessing = 0;
		};
/* End PBXResourcesBuildPhase section */

/* Begin PBXSourcesBuildPhase section */
		06C73AA32B0BFA3200039B5C /* Sources */ = {
			isa = PBXSourcesBuildPhase;
			buildActionMask = 2147483647;
			files = (
				06EF1DEF2B13A5A60004FB34 /* PuntajeAlumnosView.swift in Sources */,
				066633F12B0E978C00259AF7 /* ChatUser.swift in Sources */,
				06EF1DF92B13A6300004FB34 /* GeneralView.swift in Sources */,
				063DF3912B0EAB6700C77C15 /* ChatLogView.swift in Sources */,
				06EF1DFD2B13A6640004FB34 /* LoginAlumnoView.swift in Sources */,
				06EF1DF12B13A5C80004FB34 /* ProgresoAlumnosView.swift in Sources */,
				86D6423B2B165B090046B107 /* ViewModel.swift in Sources */,
				06EF1DE92B13A5280004FB34 /* ProgresoAlumnoView.swift in Sources */,
				06EF1DE12B13A48B0004FB34 /* MenuAlumnoView.swift in Sources */,
				06EF1DF72B13A61F0004FB34 /* MatematicasView.swift in Sources */,
				06EF1DF52B13A6010004FB34 /* InglesView.swift in Sources */,
				06BB35852B1529800013D752 /* CreateNewMessageView.swift in Sources */,
				86D6423F2B165B920046B107 /* ConversationView.swift in Sources */,
				066633EA2B0E890700259AF7 /* FirebaseManager.swift in Sources */,
				06BB35812B1517C30013D752 /* RecentMessage.swift in Sources */,
				06EF1DE52B13A5080004FB34 /* ListaAlumnosView.swift in Sources */,
				06B441802B1550DB00A1A7CE /* ContentView.swift in Sources */,
				06EF1DDF2B13A4730004FB34 /* MenuPadresView.swift in Sources */,
				06C73AB92B0BFBD200039B5C /* LoginView.swift in Sources */,
				86D642412B165B940046B107 /* TextMessageView.swift in Sources */,
				06EF1DED2B13A5630004FB34 /* AltaAlumunoView.swift in Sources */,
				06EF1DF32B13A5F00004FB34 /* EspanolView.swift in Sources */,
				06BB35832B15180C0013D752 /* ChatMessage.swift in Sources */,
				06C73AF42B0C0C3700039B5C /* ImagePicker.swift in Sources */,
				06EF1DFB2B13A6410004FB34 /* TutorView.swift in Sources */,
				06EF1DDA2B13A42E0004FB34 /* MenuProfesorView.swift in Sources */,
				06C73AAB2B0BFA3200039B5C /* MiPrimerTutorChatApp.swift in Sources */,
				06EF1DE72B13A5170004FB34 /* PuntajeAlumnoView.swift in Sources */,
				06EF1E042B13FCB90004FB34 /* FirebaseConstants.swift in Sources */,
				066633E82B0E842300259AF7 /* MainMessagesView.swift in Sources */,
			);
			runOnlyForDeploymentPostprocessing = 0;
		};
/* End PBXSourcesBuildPhase section */

/* Begin XCBuildConfiguration section */
		06C73AB32B0BFA3500039B5C /* Debug */ = {
			isa = XCBuildConfiguration;
			buildSettings = {
				ALWAYS_SEARCH_USER_PATHS = NO;
				ASSETCATALOG_COMPILER_GENERATE_SWIFT_ASSET_SYMBOL_EXTENSIONS = YES;
				CLANG_ANALYZER_NONNULL = YES;
				CLANG_ANALYZER_NUMBER_OBJECT_CONVERSION = YES_AGGRESSIVE;
				CLANG_CXX_LANGUAGE_STANDARD = "gnu++20";
				CLANG_ENABLE_MODULES = YES;
				CLANG_ENABLE_OBJC_ARC = YES;
				CLANG_ENABLE_OBJC_WEAK = YES;
				CLANG_WARN_BLOCK_CAPTURE_AUTORELEASING = YES;
				CLANG_WARN_BOOL_CONVERSION = YES;
				CLANG_WARN_COMMA = YES;
				CLANG_WARN_CONSTANT_CONVERSION = YES;
				CLANG_WARN_DEPRECATED_OBJC_IMPLEMENTATIONS = YES;
				CLANG_WARN_DIRECT_OBJC_ISA_USAGE = YES_ERROR;
				CLANG_WARN_DOCUMENTATION_COMMENTS = YES;
				CLANG_WARN_EMPTY_BODY = YES;
				CLANG_WARN_ENUM_CONVERSION = YES;
				CLANG_WARN_INFINITE_RECURSION = YES;
				CLANG_WARN_INT_CONVERSION = YES;
				CLANG_WARN_NON_LITERAL_NULL_CONVERSION = YES;
				CLANG_WARN_OBJC_IMPLICIT_RETAIN_SELF = YES;
				CLANG_WARN_OBJC_LITERAL_CONVERSION = YES;
				CLANG_WARN_OBJC_ROOT_CLASS = YES_ERROR;
				CLANG_WARN_QUOTED_INCLUDE_IN_FRAMEWORK_HEADER = YES;
				CLANG_WARN_RANGE_LOOP_ANALYSIS = YES;
				CLANG_WARN_STRICT_PROTOTYPES = YES;
				CLANG_WARN_SUSPICIOUS_MOVE = YES;
				CLANG_WARN_UNGUARDED_AVAILABILITY = YES_AGGRESSIVE;
				CLANG_WARN_UNREACHABLE_CODE = YES;
				CLANG_WARN__DUPLICATE_METHOD_MATCH = YES;
				COPY_PHASE_STRIP = NO;
				DEBUG_INFORMATION_FORMAT = dwarf;
				ENABLE_STRICT_OBJC_MSGSEND = YES;
				ENABLE_TESTABILITY = YES;
				ENABLE_USER_SCRIPT_SANDBOXING = YES;
				GCC_C_LANGUAGE_STANDARD = gnu17;
				GCC_DYNAMIC_NO_PIC = NO;
				GCC_NO_COMMON_BLOCKS = YES;
				GCC_OPTIMIZATION_LEVEL = 0;
				GCC_PREPROCESSOR_DEFINITIONS = (
					"DEBUG=1",
					"$(inherited)",
				);
				GCC_WARN_64_TO_32_BIT_CONVERSION = YES;
				GCC_WARN_ABOUT_RETURN_TYPE = YES_ERROR;
				GCC_WARN_UNDECLARED_SELECTOR = YES;
				GCC_WARN_UNINITIALIZED_AUTOS = YES_AGGRESSIVE;
				GCC_WARN_UNUSED_FUNCTION = YES;
				GCC_WARN_UNUSED_VARIABLE = YES;
				IPHONEOS_DEPLOYMENT_TARGET = 17.0;
				LOCALIZATION_PREFERS_STRING_CATALOGS = YES;
				MTL_ENABLE_DEBUG_INFO = INCLUDE_SOURCE;
				MTL_FAST_MATH = YES;
				ONLY_ACTIVE_ARCH = YES;
				SDKROOT = iphoneos;
				SWIFT_ACTIVE_COMPILATION_CONDITIONS = "DEBUG $(inherited)";
				SWIFT_OPTIMIZATION_LEVEL = "-Onone";
			};
			name = Debug;
		};
		06C73AB42B0BFA3500039B5C /* Release */ = {
			isa = XCBuildConfiguration;
			buildSettings = {
				ALWAYS_SEARCH_USER_PATHS = NO;
				ASSETCATALOG_COMPILER_GENERATE_SWIFT_ASSET_SYMBOL_EXTENSIONS = YES;
				CLANG_ANALYZER_NONNULL = YES;
				CLANG_ANALYZER_NUMBER_OBJECT_CONVERSION = YES_AGGRESSIVE;
				CLANG_CXX_LANGUAGE_STANDARD = "gnu++20";
				CLANG_ENABLE_MODULES = YES;
				CLANG_ENABLE_OBJC_ARC = YES;
				CLANG_ENABLE_OBJC_WEAK = YES;
				CLANG_WARN_BLOCK_CAPTURE_AUTORELEASING = YES;
				CLANG_WARN_BOOL_CONVERSION = YES;
				CLANG_WARN_COMMA = YES;
				CLANG_WARN_CONSTANT_CONVERSION = YES;
				CLANG_WARN_DEPRECATED_OBJC_IMPLEMENTATIONS = YES;
				CLANG_WARN_DIRECT_OBJC_ISA_USAGE = YES_ERROR;
				CLANG_WARN_DOCUMENTATION_COMMENTS = YES;
				CLANG_WARN_EMPTY_BODY = YES;
				CLANG_WARN_ENUM_CONVERSION = YES;
				CLANG_WARN_INFINITE_RECURSION = YES;
				CLANG_WARN_INT_CONVERSION = YES;
				CLANG_WARN_NON_LITERAL_NULL_CONVERSION = YES;
				CLANG_WARN_OBJC_IMPLICIT_RETAIN_SELF = YES;
				CLANG_WARN_OBJC_LITERAL_CONVERSION = YES;
				CLANG_WARN_OBJC_ROOT_CLASS = YES_ERROR;
				CLANG_WARN_QUOTED_INCLUDE_IN_FRAMEWORK_HEADER = YES;
				CLANG_WARN_RANGE_LOOP_ANALYSIS = YES;
				CLANG_WARN_STRICT_PROTOTYPES = YES;
				CLANG_WARN_SUSPICIOUS_MOVE = YES;
				CLANG_WARN_UNGUARDED_AVAILABILITY = YES_AGGRESSIVE;
				CLANG_WARN_UNREACHABLE_CODE = YES;
				CLANG_WARN__DUPLICATE_METHOD_MATCH = YES;
				COPY_PHASE_STRIP = NO;
				DEBUG_INFORMATION_FORMAT = "dwarf-with-dsym";
				ENABLE_NS_ASSERTIONS = NO;
				ENABLE_STRICT_OBJC_MSGSEND = YES;
				ENABLE_USER_SCRIPT_SANDBOXING = YES;
				GCC_C_LANGUAGE_STANDARD = gnu17;
				GCC_NO_COMMON_BLOCKS = YES;
				GCC_WARN_64_TO_32_BIT_CONVERSION = YES;
				GCC_WARN_ABOUT_RETURN_TYPE = YES_ERROR;
				GCC_WARN_UNDECLARED_SELECTOR = YES;
				GCC_WARN_UNINITIALIZED_AUTOS = YES_AGGRESSIVE;
				GCC_WARN_UNUSED_FUNCTION = YES;
				GCC_WARN_UNUSED_VARIABLE = YES;
				IPHONEOS_DEPLOYMENT_TARGET = 17.0;
				LOCALIZATION_PREFERS_STRING_CATALOGS = YES;
				MTL_ENABLE_DEBUG_INFO = NO;
				MTL_FAST_MATH = YES;
				SDKROOT = iphoneos;
				SWIFT_COMPILATION_MODE = wholemodule;
				VALIDATE_PRODUCT = YES;
			};
			name = Release;
		};
		06C73AB62B0BFA3500039B5C /* Debug */ = {
			isa = XCBuildConfiguration;
			buildSettings = {
				ASSETCATALOG_COMPILER_APPICON_NAME = AppIcon;
				ASSETCATALOG_COMPILER_GLOBAL_ACCENT_COLOR_NAME = AccentColor;
				CODE_SIGN_STYLE = Automatic;
				CURRENT_PROJECT_VERSION = 1;
				DEVELOPMENT_ASSET_PATHS = "\"MiPrimerTutorChat/Preview Content\"";
				ENABLE_PREVIEWS = YES;
				GENERATE_INFOPLIST_FILE = YES;
				INFOPLIST_KEY_UIApplicationSceneManifest_Generation = YES;
				INFOPLIST_KEY_UIApplicationSupportsIndirectInputEvents = YES;
				INFOPLIST_KEY_UILaunchScreen_Generation = YES;
				INFOPLIST_KEY_UISupportedInterfaceOrientations_iPad = "UIInterfaceOrientationPortrait UIInterfaceOrientationPortraitUpsideDown UIInterfaceOrientationLandscapeLeft UIInterfaceOrientationLandscapeRight";
				INFOPLIST_KEY_UISupportedInterfaceOrientations_iPhone = "UIInterfaceOrientationPortrait UIInterfaceOrientationLandscapeLeft UIInterfaceOrientationLandscapeRight";
				LD_RUNPATH_SEARCH_PATHS = (
					"$(inherited)",
					"@executable_path/Frameworks",
				);
				MARKETING_VERSION = 1.0;
				PRODUCT_BUNDLE_IDENTIFIER = com.ibero.MiPrimerTutorChat;
				PRODUCT_NAME = "$(TARGET_NAME)";
				SWIFT_EMIT_LOC_STRINGS = YES;
				SWIFT_VERSION = 5.0;
				TARGETED_DEVICE_FAMILY = "1,2";
			};
			name = Debug;
		};
		06C73AB72B0BFA3500039B5C /* Release */ = {
			isa = XCBuildConfiguration;
			buildSettings = {
				ASSETCATALOG_COMPILER_APPICON_NAME = AppIcon;
				ASSETCATALOG_COMPILER_GLOBAL_ACCENT_COLOR_NAME = AccentColor;
				CODE_SIGN_STYLE = Automatic;
				CURRENT_PROJECT_VERSION = 1;
				DEVELOPMENT_ASSET_PATHS = "\"MiPrimerTutorChat/Preview Content\"";
				ENABLE_PREVIEWS = YES;
				GENERATE_INFOPLIST_FILE = YES;
				INFOPLIST_KEY_UIApplicationSceneManifest_Generation = YES;
				INFOPLIST_KEY_UIApplicationSupportsIndirectInputEvents = YES;
				INFOPLIST_KEY_UILaunchScreen_Generation = YES;
				INFOPLIST_KEY_UISupportedInterfaceOrientations_iPad = "UIInterfaceOrientationPortrait UIInterfaceOrientationPortraitUpsideDown UIInterfaceOrientationLandscapeLeft UIInterfaceOrientationLandscapeRight";
				INFOPLIST_KEY_UISupportedInterfaceOrientations_iPhone = "UIInterfaceOrientationPortrait UIInterfaceOrientationLandscapeLeft UIInterfaceOrientationLandscapeRight";
				LD_RUNPATH_SEARCH_PATHS = (
					"$(inherited)",
					"@executable_path/Frameworks",
				);
				MARKETING_VERSION = 1.0;
				PRODUCT_BUNDLE_IDENTIFIER = com.ibero.MiPrimerTutorChat;
				PRODUCT_NAME = "$(TARGET_NAME)";
				SWIFT_EMIT_LOC_STRINGS = YES;
				SWIFT_VERSION = 5.0;
				TARGETED_DEVICE_FAMILY = "1,2";
			};
			name = Release;
		};
/* End XCBuildConfiguration section */

/* Begin XCConfigurationList section */
		06C73AA22B0BFA3200039B5C /* Build configuration list for PBXProject "MiPrimerTutorChat" */ = {
			isa = XCConfigurationList;
			buildConfigurations = (
				06C73AB32B0BFA3500039B5C /* Debug */,
				06C73AB42B0BFA3500039B5C /* Release */,
			);
			defaultConfigurationIsVisible = 0;
			defaultConfigurationName = Release;
		};
		06C73AB52B0BFA3500039B5C /* Build configuration list for PBXNativeTarget "MiPrimerTutorChat" */ = {
			isa = XCConfigurationList;
			buildConfigurations = (
				06C73AB62B0BFA3500039B5C /* Debug */,
				06C73AB72B0BFA3500039B5C /* Release */,
			);
			defaultConfigurationIsVisible = 0;
			defaultConfigurationName = Release;
		};
/* End XCConfigurationList section */

/* Begin XCRemoteSwiftPackageReference section */
		066633EB2B0E8B2100259AF7 /* XCRemoteSwiftPackageReference "SDWebImageSwiftUI" */ = {
			isa = XCRemoteSwiftPackageReference;
			repositoryURL = "https://github.com/SDWebImage/SDWebImageSwiftUI.git";
			requirement = {
				kind = upToNextMajorVersion;
				minimumVersion = 2.2.4;
			};
		};
		06BB35882B153C4D0013D752 /* XCRemoteSwiftPackageReference "firebase-ios-sdk" */ = {
			isa = XCRemoteSwiftPackageReference;
			repositoryURL = "https://github.com/firebase/firebase-ios-sdk";
			requirement = {
				kind = upToNextMajorVersion;
				minimumVersion = 10.18.0;
			};
		};
		86D642372B1659CF0046B107 /* XCRemoteSwiftPackageReference "SwiftOpenAI" */ = {
			isa = XCRemoteSwiftPackageReference;
			repositoryURL = "https://github.com/SwiftBeta/SwiftOpenAI";
			requirement = {
				kind = upToNextMajorVersion;
				minimumVersion = 1.2.0;
			};
		};
/* End XCRemoteSwiftPackageReference section */

/* Begin XCSwiftPackageProductDependency section */
		066633EC2B0E8B2200259AF7 /* SDWebImageSwiftUI */ = {
			isa = XCSwiftPackageProductDependency;
			package = 066633EB2B0E8B2100259AF7 /* XCRemoteSwiftPackageReference "SDWebImageSwiftUI" */;
			productName = SDWebImageSwiftUI;
		};
		06BB35892B153C4D0013D752 /* FirebaseAnalytics */ = {
			isa = XCSwiftPackageProductDependency;
			package = 06BB35882B153C4D0013D752 /* XCRemoteSwiftPackageReference "firebase-ios-sdk" */;
			productName = FirebaseAnalytics;
		};
		06BB358B2B153C4D0013D752 /* FirebaseAnalyticsOnDeviceConversion */ = {
			isa = XCSwiftPackageProductDependency;
			package = 06BB35882B153C4D0013D752 /* XCRemoteSwiftPackageReference "firebase-ios-sdk" */;
			productName = FirebaseAnalyticsOnDeviceConversion;
		};
		06BB358D2B153C4D0013D752 /* FirebaseAnalyticsSwift */ = {
			isa = XCSwiftPackageProductDependency;
			package = 06BB35882B153C4D0013D752 /* XCRemoteSwiftPackageReference "firebase-ios-sdk" */;
			productName = FirebaseAnalyticsSwift;
		};
		06BB358F2B153C4D0013D752 /* FirebaseAnalyticsWithoutAdIdSupport */ = {
			isa = XCSwiftPackageProductDependency;
			package = 06BB35882B153C4D0013D752 /* XCRemoteSwiftPackageReference "firebase-ios-sdk" */;
			productName = FirebaseAnalyticsWithoutAdIdSupport;
		};
		06BB35912B153C4D0013D752 /* FirebaseAppCheck */ = {
			isa = XCSwiftPackageProductDependency;
			package = 06BB35882B153C4D0013D752 /* XCRemoteSwiftPackageReference "firebase-ios-sdk" */;
			productName = FirebaseAppCheck;
		};
		06BB35932B153C4D0013D752 /* FirebaseAppDistribution-Beta */ = {
			isa = XCSwiftPackageProductDependency;
			package = 06BB35882B153C4D0013D752 /* XCRemoteSwiftPackageReference "firebase-ios-sdk" */;
			productName = "FirebaseAppDistribution-Beta";
		};
		06BB35952B153C4D0013D752 /* FirebaseAuth */ = {
			isa = XCSwiftPackageProductDependency;
			package = 06BB35882B153C4D0013D752 /* XCRemoteSwiftPackageReference "firebase-ios-sdk" */;
			productName = FirebaseAuth;
		};
		06BB35972B153C4D0013D752 /* FirebaseAuthCombine-Community */ = {
			isa = XCSwiftPackageProductDependency;
			package = 06BB35882B153C4D0013D752 /* XCRemoteSwiftPackageReference "firebase-ios-sdk" */;
			productName = "FirebaseAuthCombine-Community";
		};
		06BB35992B153C4D0013D752 /* FirebaseCrashlytics */ = {
			isa = XCSwiftPackageProductDependency;
			package = 06BB35882B153C4D0013D752 /* XCRemoteSwiftPackageReference "firebase-ios-sdk" */;
			productName = FirebaseCrashlytics;
		};
		06BB359B2B153C4D0013D752 /* FirebaseDatabase */ = {
			isa = XCSwiftPackageProductDependency;
			package = 06BB35882B153C4D0013D752 /* XCRemoteSwiftPackageReference "firebase-ios-sdk" */;
			productName = FirebaseDatabase;
		};
		06BB359D2B153C4D0013D752 /* FirebaseDatabaseSwift */ = {
			isa = XCSwiftPackageProductDependency;
			package = 06BB35882B153C4D0013D752 /* XCRemoteSwiftPackageReference "firebase-ios-sdk" */;
			productName = FirebaseDatabaseSwift;
		};
		06BB359F2B153C4D0013D752 /* FirebaseDynamicLinks */ = {
			isa = XCSwiftPackageProductDependency;
			package = 06BB35882B153C4D0013D752 /* XCRemoteSwiftPackageReference "firebase-ios-sdk" */;
			productName = FirebaseDynamicLinks;
		};
		06BB35A12B153C4D0013D752 /* FirebaseFirestore */ = {
			isa = XCSwiftPackageProductDependency;
			package = 06BB35882B153C4D0013D752 /* XCRemoteSwiftPackageReference "firebase-ios-sdk" */;
			productName = FirebaseFirestore;
		};
		06BB35A32B153C4D0013D752 /* FirebaseFirestoreCombine-Community */ = {
			isa = XCSwiftPackageProductDependency;
			package = 06BB35882B153C4D0013D752 /* XCRemoteSwiftPackageReference "firebase-ios-sdk" */;
			productName = "FirebaseFirestoreCombine-Community";
		};
		06BB35A52B153C4D0013D752 /* FirebaseFirestoreSwift */ = {
			isa = XCSwiftPackageProductDependency;
			package = 06BB35882B153C4D0013D752 /* XCRemoteSwiftPackageReference "firebase-ios-sdk" */;
			productName = FirebaseFirestoreSwift;
		};
		06BB35A72B153C4D0013D752 /* FirebaseFunctions */ = {
			isa = XCSwiftPackageProductDependency;
			package = 06BB35882B153C4D0013D752 /* XCRemoteSwiftPackageReference "firebase-ios-sdk" */;
			productName = FirebaseFunctions;
		};
		06BB35A92B153C4D0013D752 /* FirebaseFunctionsCombine-Community */ = {
			isa = XCSwiftPackageProductDependency;
			package = 06BB35882B153C4D0013D752 /* XCRemoteSwiftPackageReference "firebase-ios-sdk" */;
			productName = "FirebaseFunctionsCombine-Community";
		};
		06BB35AB2B153C4D0013D752 /* FirebaseInAppMessaging-Beta */ = {
			isa = XCSwiftPackageProductDependency;
			package = 06BB35882B153C4D0013D752 /* XCRemoteSwiftPackageReference "firebase-ios-sdk" */;
			productName = "FirebaseInAppMessaging-Beta";
		};
		06BB35AD2B153C4D0013D752 /* FirebaseInAppMessagingSwift-Beta */ = {
			isa = XCSwiftPackageProductDependency;
			package = 06BB35882B153C4D0013D752 /* XCRemoteSwiftPackageReference "firebase-ios-sdk" */;
			productName = "FirebaseInAppMessagingSwift-Beta";
		};
		06BB35AF2B153C4D0013D752 /* FirebaseInstallations */ = {
			isa = XCSwiftPackageProductDependency;
			package = 06BB35882B153C4D0013D752 /* XCRemoteSwiftPackageReference "firebase-ios-sdk" */;
			productName = FirebaseInstallations;
		};
		06BB35B12B153C4D0013D752 /* FirebaseMLModelDownloader */ = {
			isa = XCSwiftPackageProductDependency;
			package = 06BB35882B153C4D0013D752 /* XCRemoteSwiftPackageReference "firebase-ios-sdk" */;
			productName = FirebaseMLModelDownloader;
		};
		06BB35B32B153C4D0013D752 /* FirebaseMessaging */ = {
			isa = XCSwiftPackageProductDependency;
			package = 06BB35882B153C4D0013D752 /* XCRemoteSwiftPackageReference "firebase-ios-sdk" */;
			productName = FirebaseMessaging;
		};
		06BB35B52B153C4D0013D752 /* FirebasePerformance */ = {
			isa = XCSwiftPackageProductDependency;
			package = 06BB35882B153C4D0013D752 /* XCRemoteSwiftPackageReference "firebase-ios-sdk" */;
			productName = FirebasePerformance;
		};
		06BB35B72B153C4D0013D752 /* FirebaseRemoteConfig */ = {
			isa = XCSwiftPackageProductDependency;
			package = 06BB35882B153C4D0013D752 /* XCRemoteSwiftPackageReference "firebase-ios-sdk" */;
			productName = FirebaseRemoteConfig;
		};
		06BB35B92B153C4D0013D752 /* FirebaseRemoteConfigSwift */ = {
			isa = XCSwiftPackageProductDependency;
			package = 06BB35882B153C4D0013D752 /* XCRemoteSwiftPackageReference "firebase-ios-sdk" */;
			productName = FirebaseRemoteConfigSwift;
		};
		06BB35BB2B153C4D0013D752 /* FirebaseStorage */ = {
			isa = XCSwiftPackageProductDependency;
			package = 06BB35882B153C4D0013D752 /* XCRemoteSwiftPackageReference "firebase-ios-sdk" */;
			productName = FirebaseStorage;
		};
		06BB35BD2B153C4D0013D752 /* FirebaseStorageCombine-Community */ = {
			isa = XCSwiftPackageProductDependency;
			package = 06BB35882B153C4D0013D752 /* XCRemoteSwiftPackageReference "firebase-ios-sdk" */;
			productName = "FirebaseStorageCombine-Community";
		};
		86D642382B1659CF0046B107 /* SwiftOpenAI */ = {
			isa = XCSwiftPackageProductDependency;
			package = 86D642372B1659CF0046B107 /* XCRemoteSwiftPackageReference "SwiftOpenAI" */;
			productName = SwiftOpenAI;
		};
/* End XCSwiftPackageProductDependency section */
	};
	rootObject = 06C73A9F2B0BFA3200039B5C /* Project object */;
}
